
Microsoft Visual Studio Solution File, Format Version 12.00
# Visual Studio Version 16
VisualStudioVersion = 16.0.29709.97
MinimumVisualStudioVersion = 10.0.40219.1
Project("{2150E333-8FDC-42A3-9474-1A3956D46DE8}") = "src", "src", "{CBE24DB3-EFAE-474F-B7EA-DA0B498B2D2A}"
EndProject
Project("{2150E333-8FDC-42A3-9474-1A3956D46DE8}") = "Building Blocks", "Building Blocks", "{F5FD2619-D0B6-46C6-A99A-F102488EDD23}"
EndProject
Project("{2150E333-8FDC-42A3-9474-1A3956D46DE8}") = "Services", "Services", "{D03DCB19-B16A-4EAB-A986-FADB0177317E}"
EndProject
Project("{2150E333-8FDC-42A3-9474-1A3956D46DE8}") = "Web", "Web", "{AE87D70E-6407-4AB8-A338-562A33AC0E60}"
EndProject
Project("{2150E333-8FDC-42A3-9474-1A3956D46DE8}") = "Identidade", "Identidade", "{E749407C-26DA-4FC7-9D81-4C9BA0246F68}"
EndProject
Project("{FAE04EC0-301F-11D3-BF4B-00C04F79EFBC}") = "NSE.Identidade.API", "src\services\NSE.Identidade.API\NSE.Identidade.API.csproj", "{0AE6892C-5B50-448C-A63A-42FF84603049}"
EndProject
Project("{2150E333-8FDC-42A3-9474-1A3956D46DE8}") = "MVC", "MVC", "{6E0279BF-E434-4C67-BBF0-3676C044CBB2}"
EndProject
Project("{2150E333-8FDC-42A3-9474-1A3956D46DE8}") = "Core", "Core", "{79CDE101-78C0-4363-97D0-609D12A59606}"
EndProject
Project("{FAE04EC0-301F-11D3-BF4B-00C04F79EFBC}") = "NSE.Core", "src\building_blocks\NSE.Core\NSE.Core.csproj", "{09E0BE06-E0D7-415C-AEC3-980AD4F4E811}"
EndProject
Project("{FAE04EC0-301F-11D3-BF4B-00C04F79EFBC}") = "NSE.WebApp.MVC", "src\web\NSE.WebApp.MVC\NSE.WebApp.MVC.csproj", "{94D1D1E0-4829-4D45-947A-466A0AC0DDB8}"
EndProject
Global
	GlobalSection(SolutionConfigurationPlatforms) = preSolution
		Debug|Any CPU = Debug|Any CPU
		Release|Any CPU = Release|Any CPU
	EndGlobalSection
	GlobalSection(ProjectConfigurationPlatforms) = postSolution
		{0AE6892C-5B50-448C-A63A-42FF84603049}.Debug|Any CPU.ActiveCfg = Debug|Any CPU
		{0AE6892C-5B50-448C-A63A-42FF84603049}.Debug|Any CPU.Build.0 = Debug|Any CPU
		{0AE6892C-5B50-448C-A63A-42FF84603049}.Release|Any CPU.ActiveCfg = Release|Any CPU
		{0AE6892C-5B50-448C-A63A-42FF84603049}.Release|Any CPU.Build.0 = Release|Any CPU
		{09E0BE06-E0D7-415C-AEC3-980AD4F4E811}.Debug|Any CPU.ActiveCfg = Debug|Any CPU
		{09E0BE06-E0D7-415C-AEC3-980AD4F4E811}.Debug|Any CPU.Build.0 = Debug|Any CPU
		{09E0BE06-E0D7-415C-AEC3-980AD4F4E811}.Release|Any CPU.ActiveCfg = Release|Any CPU
		{09E0BE06-E0D7-415C-AEC3-980AD4F4E811}.Release|Any CPU.Build.0 = Release|Any CPU
		{94D1D1E0-4829-4D45-947A-466A0AC0DDB8}.Debug|Any CPU.ActiveCfg = Debug|Any CPU
		{94D1D1E0-4829-4D45-947A-466A0AC0DDB8}.Debug|Any CPU.Build.0 = Debug|Any CPU
		{94D1D1E0-4829-4D45-947A-466A0AC0DDB8}.Release|Any CPU.ActiveCfg = Release|Any CPU
		{94D1D1E0-4829-4D45-947A-466A0AC0DDB8}.Release|Any CPU.Build.0 = Release|Any CPU
	EndGlobalSection
	GlobalSection(SolutionProperties) = preSolution
		HideSolutionNode = FALSE
	EndGlobalSection
	GlobalSection(NestedProjects) = preSolution
		{F5FD2619-D0B6-46C6-A99A-F102488EDD23} = {CBE24DB3-EFAE-474F-B7EA-DA0B498B2D2A}
		{D03DCB19-B16A-4EAB-A986-FADB0177317E} = {CBE24DB3-EFAE-474F-B7EA-DA0B498B2D2A}
		{AE87D70E-6407-4AB8-A338-562A33AC0E60} = {CBE24DB3-EFAE-474F-B7EA-DA0B498B2D2A}
		{E749407C-26DA-4FC7-9D81-4C9BA0246F68} = {D03DCB19-B16A-4EAB-A986-FADB0177317E}
		{0AE6892C-5B50-448C-A63A-42FF84603049} = {E749407C-26DA-4FC7-9D81-4C9BA0246F68}
		{6E0279BF-E434-4C67-BBF0-3676C044CBB2} = {AE87D70E-6407-4AB8-A338-562A33AC0E60}
		{79CDE101-78C0-4363-97D0-609D12A59606} = {F5FD2619-D0B6-46C6-A99A-F102488EDD23}
		{09E0BE06-E0D7-415C-AEC3-980AD4F4E811} = {79CDE101-78C0-4363-97D0-609D12A59606}
		{94D1D1E0-4829-4D45-947A-466A0AC0DDB8} = {6E0279BF-E434-4C67-BBF0-3676C044CBB2}
	EndGlobalSection
	GlobalSection(ExtensibilityGlobals) = postSolution
		SolutionGuid = {83225FC9-7E92-4808-B859-70D48E83EACC}
	EndGlobalSection
EndGlobal
